
Microsoft Visual Studio Solution File, Format Version 12.00
# Visual Studio 14
VisualStudioVersion = 14.0.25420.1
MinimumVisualStudioVersion = 10.0.40219.1
Project("{FAE04EC0-301F-11D3-BF4B-00C04F79EFBC}") = "Channel9Browser.Droid", "Channel9Browser\Channel9Browser.Droid\Channel9Browser.Droid.csproj", "{87875456-7F8C-42FB-B654-7D2E364BCDDC}"
EndProject
Project("{FAE04EC0-301F-11D3-BF4B-00C04F79EFBC}") = "Channel9Browser.iOS", "Channel9Browser\Channel9Browser.iOS\Channel9Browser.iOS.csproj", "{83A8052D-C604-4DCB-8468-449FAD0C0B8A}"
EndProject
Project("{FAE04EC0-301F-11D3-BF4B-00C04F79EFBC}") = "Channel9Browser.WinPhone", "Channel9Browser\Channel9Browser.WinPhone\Channel9Browser.WinPhone.csproj", "{AB267D9D-AEE8-48E6-ABCB-FFBF6180AEA5}"
EndProject
Project("{FAE04EC0-301F-11D3-BF4B-00C04F79EFBC}") = "Channel9Browser.UWP", "Channel9Browser\Channel9Browser.UWP\Channel9Browser.UWP.csproj", "{422ACD4C-19A8-4908-95FF-515B62B7A32F}"
EndProject
Project("{FAE04EC0-301F-11D3-BF4B-00C04F79EFBC}") = "Channel9Browser.Windows", "Channel9Browser\Channel9Browser.Windows\Channel9Browser.Windows.csproj", "{D25BA79E-CF39-489B-AB7D-22EFFB0E6EC4}"
EndProject
Project("{FAE04EC0-301F-11D3-BF4B-00C04F79EFBC}") = "Channel9Browser", "Channel9Browser\Channel9Browser\Channel9Browser.csproj", "{662434D6-973E-445F-83B9-5032ECFA9539}"
EndProject
Global
	GlobalSection(SolutionConfigurationPlatforms) = preSolution
		Ad-Hoc|Any CPU = Ad-Hoc|Any CPU
		Ad-Hoc|ARM = Ad-Hoc|ARM
		Ad-Hoc|iPhone = Ad-Hoc|iPhone
		Ad-Hoc|iPhoneSimulator = Ad-Hoc|iPhoneSimulator
		Ad-Hoc|x64 = Ad-Hoc|x64
		Ad-Hoc|x86 = Ad-Hoc|x86
		AppStore|Any CPU = AppStore|Any CPU
		AppStore|ARM = AppStore|ARM
		AppStore|iPhone = AppStore|iPhone
		AppStore|iPhoneSimulator = AppStore|iPhoneSimulator
		AppStore|x64 = AppStore|x64
		AppStore|x86 = AppStore|x86
		Debug|Any CPU = Debug|Any CPU
		Debug|ARM = Debug|ARM
		Debug|iPhone = Debug|iPhone
		Debug|iPhoneSimulator = Debug|iPhoneSimulator
		Debug|x64 = Debug|x64
		Debug|x86 = Debug|x86
		Release|Any CPU = Release|Any CPU
		Release|ARM = Release|ARM
		Release|iPhone = Release|iPhone
		Release|iPhoneSimulator = Release|iPhoneSimulator
		Release|x64 = Release|x64
		Release|x86 = Release|x86
	EndGlobalSection
	GlobalSection(ProjectConfigurationPlatforms) = postSolution
		{87875456-7F8C-42FB-B654-7D2E364BCDDC}.Ad-Hoc|Any CPU.ActiveCfg = Release|Any CPU
		{87875456-7F8C-42FB-B654-7D2E364BCDDC}.Ad-Hoc|Any CPU.Build.0 = Release|Any CPU
		{87875456-7F8C-42FB-B654-7D2E364BCDDC}.Ad-Hoc|Any CPU.Deploy.0 = Release|Any CPU
		{87875456-7F8C-42FB-B654-7D2E364BCDDC}.Ad-Hoc|ARM.ActiveCfg = Release|Any CPU
		{87875456-7F8C-42FB-B654-7D2E364BCDDC}.Ad-Hoc|ARM.Build.0 = Release|Any CPU
		{87875456-7F8C-42FB-B654-7D2E364BCDDC}.Ad-Hoc|ARM.Deploy.0 = Release|Any CPU
		{87875456-7F8C-42FB-B654-7D2E364BCDDC}.Ad-Hoc|iPhone.ActiveCfg = Release|Any CPU
		{87875456-7F8C-42FB-B654-7D2E364BCDDC}.Ad-Hoc|iPhone.Build.0 = Release|Any CPU
		{87875456-7F8C-42FB-B654-7D2E364BCDDC}.Ad-Hoc|iPhone.Deploy.0 = Release|Any CPU
		{87875456-7F8C-42FB-B654-7D2E364BCDDC}.Ad-Hoc|iPhoneSimulator.ActiveCfg = Release|Any CPU
		{87875456-7F8C-42FB-B654-7D2E364BCDDC}.Ad-Hoc|iPhoneSimulator.Build.0 = Release|Any CPU
		{87875456-7F8C-42FB-B654-7D2E364BCDDC}.Ad-Hoc|iPhoneSimulator.Deploy.0 = Release|Any CPU
		{87875456-7F8C-42FB-B654-7D2E364BCDDC}.Ad-Hoc|x64.ActiveCfg = Release|Any CPU
		{87875456-7F8C-42FB-B654-7D2E364BCDDC}.Ad-Hoc|x64.Build.0 = Release|Any CPU
		{87875456-7F8C-42FB-B654-7D2E364BCDDC}.Ad-Hoc|x64.Deploy.0 = Release|Any CPU
		{87875456-7F8C-42FB-B654-7D2E364BCDDC}.Ad-Hoc|x86.ActiveCfg = Release|Any CPU
		{87875456-7F8C-42FB-B654-7D2E364BCDDC}.Ad-Hoc|x86.Build.0 = Release|Any CPU
		{87875456-7F8C-42FB-B654-7D2E364BCDDC}.Ad-Hoc|x86.Deploy.0 = Release|Any CPU
		{87875456-7F8C-42FB-B654-7D2E364BCDDC}.AppStore|Any CPU.ActiveCfg = Release|Any CPU
		{87875456-7F8C-42FB-B654-7D2E364BCDDC}.AppStore|Any CPU.Build.0 = Release|Any CPU
		{87875456-7F8C-42FB-B654-7D2E364BCDDC}.AppStore|Any CPU.Deploy.0 = Release|Any CPU
		{87875456-7F8C-42FB-B654-7D2E364BCDDC}.AppStore|ARM.ActiveCfg = Release|Any CPU
		{87875456-7F8C-42FB-B654-7D2E364BCDDC}.AppStore|ARM.Build.0 = Release|Any CPU
		{87875456-7F8C-42FB-B654-7D2E364BCDDC}.AppStore|ARM.Deploy.0 = Release|Any CPU
		{87875456-7F8C-42FB-B654-7D2E364BCDDC}.AppStore|iPhone.ActiveCfg = Release|Any CPU
		{87875456-7F8C-42FB-B654-7D2E364BCDDC}.AppStore|iPhone.Build.0 = Release|Any CPU
		{87875456-7F8C-42FB-B654-7D2E364BCDDC}.AppStore|iPhone.Deploy.0 = Release|Any CPU
		{87875456-7F8C-42FB-B654-7D2E364BCDDC}.AppStore|iPhoneSimulator.ActiveCfg = Release|Any CPU
		{87875456-7F8C-42FB-B654-7D2E364BCDDC}.AppStore|iPhoneSimulator.Build.0 = Release|Any CPU
		{87875456-7F8C-42FB-B654-7D2E364BCDDC}.AppStore|iPhoneSimulator.Deploy.0 = Release|Any CPU
		{87875456-7F8C-42FB-B654-7D2E364BCDDC}.AppStore|x64.ActiveCfg = Release|Any CPU
		{87875456-7F8C-42FB-B654-7D2E364BCDDC}.AppStore|x64.Build.0 = Release|Any CPU
		{87875456-7F8C-42FB-B654-7D2E364BCDDC}.AppStore|x64.Deploy.0 = Release|Any CPU
		{87875456-7F8C-42FB-B654-7D2E364BCDDC}.AppStore|x86.ActiveCfg = Release|Any CPU
		{87875456-7F8C-42FB-B654-7D2E364BCDDC}.AppStore|x86.Build.0 = Release|Any CPU
		{87875456-7F8C-42FB-B654-7D2E364BCDDC}.AppStore|x86.Deploy.0 = Release|Any CPU
		{87875456-7F8C-42FB-B654-7D2E364BCDDC}.Debug|Any CPU.ActiveCfg = Debug|Any CPU
		{87875456-7F8C-42FB-B654-7D2E364BCDDC}.Debug|Any CPU.Build.0 = Debug|Any CPU
		{87875456-7F8C-42FB-B654-7D2E364BCDDC}.Debug|Any CPU.Deploy.0 = Debug|Any CPU
		{87875456-7F8C-42FB-B654-7D2E364BCDDC}.Debug|ARM.ActiveCfg = Debug|Any CPU
		{87875456-7F8C-42FB-B654-7D2E364BCDDC}.Debug|ARM.Build.0 = Debug|Any CPU
		{87875456-7F8C-42FB-B654-7D2E364BCDDC}.Debug|ARM.Deploy.0 = Debug|Any CPU
		{87875456-7F8C-42FB-B654-7D2E364BCDDC}.Debug|iPhone.ActiveCfg = Debug|Any CPU
		{87875456-7F8C-42FB-B654-7D2E364BCDDC}.Debug|iPhone.Build.0 = Debug|Any CPU
		{87875456-7F8C-42FB-B654-7D2E364BCDDC}.Debug|iPhone.Deploy.0 = Debug|Any CPU
		{87875456-7F8C-42FB-B654-7D2E364BCDDC}.Debug|iPhoneSimulator.ActiveCfg = Debug|Any CPU
		{87875456-7F8C-42FB-B654-7D2E364BCDDC}.Debug|iPhoneSimulator.Build.0 = Debug|Any CPU
		{87875456-7F8C-42FB-B654-7D2E364BCDDC}.Debug|iPhoneSimulator.Deploy.0 = Debug|Any CPU
		{87875456-7F8C-42FB-B654-7D2E364BCDDC}.Debug|x64.ActiveCfg = Debug|Any CPU
		{87875456-7F8C-42FB-B654-7D2E364BCDDC}.Debug|x64.Build.0 = Debug|Any CPU
		{87875456-7F8C-42FB-B654-7D2E364BCDDC}.Debug|x64.Deploy.0 = Debug|Any CPU
		{87875456-7F8C-42FB-B654-7D2E364BCDDC}.Debug|x86.ActiveCfg = Debug|Any CPU
		{87875456-7F8C-42FB-B654-7D2E364BCDDC}.Debug|x86.Build.0 = Debug|Any CPU
		{87875456-7F8C-42FB-B654-7D2E364BCDDC}.Debug|x86.Deploy.0 = Debug|Any CPU
		{87875456-7F8C-42FB-B654-7D2E364BCDDC}.Release|Any CPU.ActiveCfg = Release|Any CPU
		{87875456-7F8C-42FB-B654-7D2E364BCDDC}.Release|Any CPU.Build.0 = Release|Any CPU
		{87875456-7F8C-42FB-B654-7D2E364BCDDC}.Release|Any CPU.Deploy.0 = Release|Any CPU
		{87875456-7F8C-42FB-B654-7D2E364BCDDC}.Release|ARM.ActiveCfg = Release|Any CPU
		{87875456-7F8C-42FB-B654-7D2E364BCDDC}.Release|ARM.Build.0 = Release|Any CPU
		{87875456-7F8C-42FB-B654-7D2E364BCDDC}.Release|ARM.Deploy.0 = Release|Any CPU
		{87875456-7F8C-42FB-B654-7D2E364BCDDC}.Release|iPhone.ActiveCfg = Release|Any CPU
		{87875456-7F8C-42FB-B654-7D2E364BCDDC}.Release|iPhone.Build.0 = Release|Any CPU
		{87875456-7F8C-42FB-B654-7D2E364BCDDC}.Release|iPhone.Deploy.0 = Release|Any CPU
		{87875456-7F8C-42FB-B654-7D2E364BCDDC}.Release|iPhoneSimulator.ActiveCfg = Release|Any CPU
		{87875456-7F8C-42FB-B654-7D2E364BCDDC}.Release|iPhoneSimulator.Build.0 = Release|Any CPU
		{87875456-7F8C-42FB-B654-7D2E364BCDDC}.Release|iPhoneSimulator.Deploy.0 = Release|Any CPU
		{87875456-7F8C-42FB-B654-7D2E364BCDDC}.Release|x64.ActiveCfg = Release|Any CPU
		{87875456-7F8C-42FB-B654-7D2E364BCDDC}.Release|x64.Build.0 = Release|Any CPU
		{87875456-7F8C-42FB-B654-7D2E364BCDDC}.Release|x64.Deploy.0 = Release|Any CPU
		{87875456-7F8C-42FB-B654-7D2E364BCDDC}.Release|x86.ActiveCfg = Release|Any CPU
		{87875456-7F8C-42FB-B654-7D2E364BCDDC}.Release|x86.Build.0 = Release|Any CPU
		{87875456-7F8C-42FB-B654-7D2E364BCDDC}.Release|x86.Deploy.0 = Release|Any CPU
		{83A8052D-C604-4DCB-8468-449FAD0C0B8A}.Ad-Hoc|Any CPU.ActiveCfg = Ad-Hoc|iPhone
		{83A8052D-C604-4DCB-8468-449FAD0C0B8A}.Ad-Hoc|ARM.ActiveCfg = Ad-Hoc|iPhone
		{83A8052D-C604-4DCB-8468-449FAD0C0B8A}.Ad-Hoc|iPhone.ActiveCfg = Ad-Hoc|iPhone
		{83A8052D-C604-4DCB-8468-449FAD0C0B8A}.Ad-Hoc|iPhone.Build.0 = Ad-Hoc|iPhone
		{83A8052D-C604-4DCB-8468-449FAD0C0B8A}.Ad-Hoc|iPhoneSimulator.ActiveCfg = Ad-Hoc|iPhoneSimulator
		{83A8052D-C604-4DCB-8468-449FAD0C0B8A}.Ad-Hoc|iPhoneSimulator.Build.0 = Ad-Hoc|iPhoneSimulator
		{83A8052D-C604-4DCB-8468-449FAD0C0B8A}.Ad-Hoc|x64.ActiveCfg = Ad-Hoc|iPhone
		{83A8052D-C604-4DCB-8468-449FAD0C0B8A}.Ad-Hoc|x86.ActiveCfg = Ad-Hoc|iPhone
		{83A8052D-C604-4DCB-8468-449FAD0C0B8A}.AppStore|Any CPU.ActiveCfg = AppStore|iPhone
		{83A8052D-C604-4DCB-8468-449FAD0C0B8A}.AppStore|ARM.ActiveCfg = AppStore|iPhone
		{83A8052D-C604-4DCB-8468-449FAD0C0B8A}.AppStore|iPhone.ActiveCfg = AppStore|iPhone
		{83A8052D-C604-4DCB-8468-449FAD0C0B8A}.AppStore|iPhone.Build.0 = AppStore|iPhone
		{83A8052D-C604-4DCB-8468-449FAD0C0B8A}.AppStore|iPhoneSimulator.ActiveCfg = AppStore|iPhoneSimulator
		{83A8052D-C604-4DCB-8468-449FAD0C0B8A}.AppStore|iPhoneSimulator.Build.0 = AppStore|iPhoneSimulator
		{83A8052D-C604-4DCB-8468-449FAD0C0B8A}.AppStore|x64.ActiveCfg = AppStore|iPhone
		{83A8052D-C604-4DCB-8468-449FAD0C0B8A}.AppStore|x86.ActiveCfg = AppStore|iPhone
		{83A8052D-C604-4DCB-8468-449FAD0C0B8A}.Debug|Any CPU.ActiveCfg = Debug|iPhone
		{83A8052D-C604-4DCB-8468-449FAD0C0B8A}.Debug|ARM.ActiveCfg = Debug|iPhone
		{83A8052D-C604-4DCB-8468-449FAD0C0B8A}.Debug|iPhone.ActiveCfg = Debug|iPhone
		{83A8052D-C604-4DCB-8468-449FAD0C0B8A}.Debug|iPhone.Build.0 = Debug|iPhone
		{83A8052D-C604-4DCB-8468-449FAD0C0B8A}.Debug|iPhoneSimulator.ActiveCfg = Debug|iPhoneSimulator
		{83A8052D-C604-4DCB-8468-449FAD0C0B8A}.Debug|iPhoneSimulator.Build.0 = Debug|iPhoneSimulator
		{83A8052D-C604-4DCB-8468-449FAD0C0B8A}.Debug|x64.ActiveCfg = Debug|iPhone
		{83A8052D-C604-4DCB-8468-449FAD0C0B8A}.Debug|x86.ActiveCfg = Debug|iPhone
		{83A8052D-C604-4DCB-8468-449FAD0C0B8A}.Release|Any CPU.ActiveCfg = Release|iPhone
		{83A8052D-C604-4DCB-8468-449FAD0C0B8A}.Release|ARM.ActiveCfg = Release|iPhone
		{83A8052D-C604-4DCB-8468-449FAD0C0B8A}.Release|iPhone.ActiveCfg = Release|iPhone
		{83A8052D-C604-4DCB-8468-449FAD0C0B8A}.Release|iPhone.Build.0 = Release|iPhone
		{83A8052D-C604-4DCB-8468-449FAD0C0B8A}.Release|iPhoneSimulator.ActiveCfg = Release|iPhoneSimulator
		{83A8052D-C604-4DCB-8468-449FAD0C0B8A}.Release|iPhoneSimulator.Build.0 = Release|iPhoneSimulator
		{83A8052D-C604-4DCB-8468-449FAD0C0B8A}.Release|x64.ActiveCfg = Release|iPhone
		{83A8052D-C604-4DCB-8468-449FAD0C0B8A}.Release|x86.ActiveCfg = Release|iPhone
		{AB267D9D-AEE8-48E6-ABCB-FFBF6180AEA5}.Ad-Hoc|Any CPU.ActiveCfg = Release|Any CPU
		{AB267D9D-AEE8-48E6-ABCB-FFBF6180AEA5}.Ad-Hoc|Any CPU.Build.0 = Release|Any CPU
		{AB267D9D-AEE8-48E6-ABCB-FFBF6180AEA5}.Ad-Hoc|Any CPU.Deploy.0 = Release|Any CPU
		{AB267D9D-AEE8-48E6-ABCB-FFBF6180AEA5}.Ad-Hoc|ARM.ActiveCfg = Release|ARM
		{AB267D9D-AEE8-48E6-ABCB-FFBF6180AEA5}.Ad-Hoc|ARM.Build.0 = Release|ARM
		{AB267D9D-AEE8-48E6-ABCB-FFBF6180AEA5}.Ad-Hoc|ARM.Deploy.0 = Release|ARM
		{AB267D9D-AEE8-48E6-ABCB-FFBF6180AEA5}.Ad-Hoc|iPhone.ActiveCfg = Release|Any CPU
		{AB267D9D-AEE8-48E6-ABCB-FFBF6180AEA5}.Ad-Hoc|iPhone.Build.0 = Release|Any CPU
		{AB267D9D-AEE8-48E6-ABCB-FFBF6180AEA5}.Ad-Hoc|iPhone.Deploy.0 = Release|Any CPU
		{AB267D9D-AEE8-48E6-ABCB-FFBF6180AEA5}.Ad-Hoc|iPhoneSimulator.ActiveCfg = Release|Any CPU
		{AB267D9D-AEE8-48E6-ABCB-FFBF6180AEA5}.Ad-Hoc|iPhoneSimulator.Build.0 = Release|Any CPU
		{AB267D9D-AEE8-48E6-ABCB-FFBF6180AEA5}.Ad-Hoc|iPhoneSimulator.Deploy.0 = Release|Any CPU
		{AB267D9D-AEE8-48E6-ABCB-FFBF6180AEA5}.Ad-Hoc|x64.ActiveCfg = Release|Any CPU
		{AB267D9D-AEE8-48E6-ABCB-FFBF6180AEA5}.Ad-Hoc|x64.Build.0 = Release|Any CPU
		{AB267D9D-AEE8-48E6-ABCB-FFBF6180AEA5}.Ad-Hoc|x64.Deploy.0 = Release|Any CPU
		{AB267D9D-AEE8-48E6-ABCB-FFBF6180AEA5}.Ad-Hoc|x86.ActiveCfg = Release|x86
		{AB267D9D-AEE8-48E6-ABCB-FFBF6180AEA5}.Ad-Hoc|x86.Build.0 = Release|x86
		{AB267D9D-AEE8-48E6-ABCB-FFBF6180AEA5}.Ad-Hoc|x86.Deploy.0 = Release|x86
		{AB267D9D-AEE8-48E6-ABCB-FFBF6180AEA5}.AppStore|Any CPU.ActiveCfg = Release|Any CPU
		{AB267D9D-AEE8-48E6-ABCB-FFBF6180AEA5}.AppStore|Any CPU.Build.0 = Release|Any CPU
		{AB267D9D-AEE8-48E6-ABCB-FFBF6180AEA5}.AppStore|Any CPU.Deploy.0 = Release|Any CPU
		{AB267D9D-AEE8-48E6-ABCB-FFBF6180AEA5}.AppStore|ARM.ActiveCfg = Release|ARM
		{AB267D9D-AEE8-48E6-ABCB-FFBF6180AEA5}.AppStore|ARM.Build.0 = Release|ARM
		{AB267D9D-AEE8-48E6-ABCB-FFBF6180AEA5}.AppStore|ARM.Deploy.0 = Release|ARM
		{AB267D9D-AEE8-48E6-ABCB-FFBF6180AEA5}.AppStore|iPhone.ActiveCfg = Release|Any CPU
		{AB267D9D-AEE8-48E6-ABCB-FFBF6180AEA5}.AppStore|iPhone.Build.0 = Release|Any CPU
		{AB267D9D-AEE8-48E6-ABCB-FFBF6180AEA5}.AppStore|iPhone.Deploy.0 = Release|Any CPU
		{AB267D9D-AEE8-48E6-ABCB-FFBF6180AEA5}.AppStore|iPhoneSimulator.ActiveCfg = Release|Any CPU
		{AB267D9D-AEE8-48E6-ABCB-FFBF6180AEA5}.AppStore|iPhoneSimulator.Build.0 = Release|Any CPU
		{AB267D9D-AEE8-48E6-ABCB-FFBF6180AEA5}.AppStore|iPhoneSimulator.Deploy.0 = Release|Any CPU
		{AB267D9D-AEE8-48E6-ABCB-FFBF6180AEA5}.AppStore|x64.ActiveCfg = Release|Any CPU
		{AB267D9D-AEE8-48E6-ABCB-FFBF6180AEA5}.AppStore|x64.Build.0 = Release|Any CPU
		{AB267D9D-AEE8-48E6-ABCB-FFBF6180AEA5}.AppStore|x64.Deploy.0 = Release|Any CPU
		{AB267D9D-AEE8-48E6-ABCB-FFBF6180AEA5}.AppStore|x86.ActiveCfg = Release|x86
		{AB267D9D-AEE8-48E6-ABCB-FFBF6180AEA5}.AppStore|x86.Build.0 = Release|x86
		{AB267D9D-AEE8-48E6-ABCB-FFBF6180AEA5}.AppStore|x86.Deploy.0 = Release|x86
		{AB267D9D-AEE8-48E6-ABCB-FFBF6180AEA5}.Debug|Any CPU.ActiveCfg = Debug|Any CPU
		{AB267D9D-AEE8-48E6-ABCB-FFBF6180AEA5}.Debug|ARM.ActiveCfg = Debug|ARM
		{AB267D9D-AEE8-48E6-ABCB-FFBF6180AEA5}.Debug|ARM.Build.0 = Debug|ARM
		{AB267D9D-AEE8-48E6-ABCB-FFBF6180AEA5}.Debug|ARM.Deploy.0 = Debug|ARM
		{AB267D9D-AEE8-48E6-ABCB-FFBF6180AEA5}.Debug|iPhone.ActiveCfg = Debug|Any CPU
		{AB267D9D-AEE8-48E6-ABCB-FFBF6180AEA5}.Debug|iPhone.Build.0 = Debug|Any CPU
		{AB267D9D-AEE8-48E6-ABCB-FFBF6180AEA5}.Debug|iPhone.Deploy.0 = Debug|Any CPU
		{AB267D9D-AEE8-48E6-ABCB-FFBF6180AEA5}.Debug|iPhoneSimulator.ActiveCfg = Debug|Any CPU
		{AB267D9D-AEE8-48E6-ABCB-FFBF6180AEA5}.Debug|iPhoneSimulator.Build.0 = Debug|Any CPU
		{AB267D9D-AEE8-48E6-ABCB-FFBF6180AEA5}.Debug|iPhoneSimulator.Deploy.0 = Debug|Any CPU
		{AB267D9D-AEE8-48E6-ABCB-FFBF6180AEA5}.Debug|x64.ActiveCfg = Debug|Any CPU
		{AB267D9D-AEE8-48E6-ABCB-FFBF6180AEA5}.Debug|x64.Build.0 = Debug|Any CPU
		{AB267D9D-AEE8-48E6-ABCB-FFBF6180AEA5}.Debug|x64.Deploy.0 = Debug|Any CPU
		{AB267D9D-AEE8-48E6-ABCB-FFBF6180AEA5}.Debug|x86.ActiveCfg = Debug|x86
		{AB267D9D-AEE8-48E6-ABCB-FFBF6180AEA5}.Debug|x86.Build.0 = Debug|x86
		{AB267D9D-AEE8-48E6-ABCB-FFBF6180AEA5}.Debug|x86.Deploy.0 = Debug|x86
		{AB267D9D-AEE8-48E6-ABCB-FFBF6180AEA5}.Release|Any CPU.ActiveCfg = Release|Any CPU
		{AB267D9D-AEE8-48E6-ABCB-FFBF6180AEA5}.Release|Any CPU.Build.0 = Release|Any CPU
		{AB267D9D-AEE8-48E6-ABCB-FFBF6180AEA5}.Release|Any CPU.Deploy.0 = Release|Any CPU
		{AB267D9D-AEE8-48E6-ABCB-FFBF6180AEA5}.Release|ARM.ActiveCfg = Release|ARM
		{AB267D9D-AEE8-48E6-ABCB-FFBF6180AEA5}.Release|ARM.Build.0 = Release|ARM
		{AB267D9D-AEE8-48E6-ABCB-FFBF6180AEA5}.Release|ARM.Deploy.0 = Release|ARM
		{AB267D9D-AEE8-48E6-ABCB-FFBF6180AEA5}.Release|iPhone.ActiveCfg = Release|Any CPU
		{AB267D9D-AEE8-48E6-ABCB-FFBF6180AEA5}.Release|iPhone.Build.0 = Release|Any CPU
		{AB267D9D-AEE8-48E6-ABCB-FFBF6180AEA5}.Release|iPhone.Deploy.0 = Release|Any CPU
		{AB267D9D-AEE8-48E6-ABCB-FFBF6180AEA5}.Release|iPhoneSimulator.ActiveCfg = Release|Any CPU
		{AB267D9D-AEE8-48E6-ABCB-FFBF6180AEA5}.Release|iPhoneSimulator.Build.0 = Release|Any CPU
		{AB267D9D-AEE8-48E6-ABCB-FFBF6180AEA5}.Release|iPhoneSimulator.Deploy.0 = Release|Any CPU
		{AB267D9D-AEE8-48E6-ABCB-FFBF6180AEA5}.Release|x64.ActiveCfg = Release|Any CPU
		{AB267D9D-AEE8-48E6-ABCB-FFBF6180AEA5}.Release|x64.Build.0 = Release|Any CPU
		{AB267D9D-AEE8-48E6-ABCB-FFBF6180AEA5}.Release|x64.Deploy.0 = Release|Any CPU
		{AB267D9D-AEE8-48E6-ABCB-FFBF6180AEA5}.Release|x86.ActiveCfg = Release|x86
		{AB267D9D-AEE8-48E6-ABCB-FFBF6180AEA5}.Release|x86.Build.0 = Release|x86
		{AB267D9D-AEE8-48E6-ABCB-FFBF6180AEA5}.Release|x86.Deploy.0 = Release|x86
		{422ACD4C-19A8-4908-95FF-515B62B7A32F}.Ad-Hoc|Any CPU.ActiveCfg = Release|x86
		{422ACD4C-19A8-4908-95FF-515B62B7A32F}.Ad-Hoc|Any CPU.Build.0 = Release|x86
		{422ACD4C-19A8-4908-95FF-515B62B7A32F}.Ad-Hoc|Any CPU.Deploy.0 = Release|x86
		{422ACD4C-19A8-4908-95FF-515B62B7A32F}.Ad-Hoc|ARM.ActiveCfg = Release|ARM
		{422ACD4C-19A8-4908-95FF-515B62B7A32F}.Ad-Hoc|ARM.Build.0 = Release|ARM
		{422ACD4C-19A8-4908-95FF-515B62B7A32F}.Ad-Hoc|ARM.Deploy.0 = Release|ARM
		{422ACD4C-19A8-4908-95FF-515B62B7A32F}.Ad-Hoc|iPhone.ActiveCfg = Release|x86
		{422ACD4C-19A8-4908-95FF-515B62B7A32F}.Ad-Hoc|iPhone.Build.0 = Release|x86
		{422ACD4C-19A8-4908-95FF-515B62B7A32F}.Ad-Hoc|iPhone.Deploy.0 = Release|x86
		{422ACD4C-19A8-4908-95FF-515B62B7A32F}.Ad-Hoc|iPhoneSimulator.ActiveCfg = Release|x86
		{422ACD4C-19A8-4908-95FF-515B62B7A32F}.Ad-Hoc|iPhoneSimulator.Build.0 = Release|x86
		{422ACD4C-19A8-4908-95FF-515B62B7A32F}.Ad-Hoc|iPhoneSimulator.Deploy.0 = Release|x86
		{422ACD4C-19A8-4908-95FF-515B62B7A32F}.Ad-Hoc|x64.ActiveCfg = Release|x64
		{422ACD4C-19A8-4908-95FF-515B62B7A32F}.Ad-Hoc|x64.Build.0 = Release|x64
		{422ACD4C-19A8-4908-95FF-515B62B7A32F}.Ad-Hoc|x64.Deploy.0 = Release|x64
		{422ACD4C-19A8-4908-95FF-515B62B7A32F}.Ad-Hoc|x86.ActiveCfg = Release|x86
		{422ACD4C-19A8-4908-95FF-515B62B7A32F}.Ad-Hoc|x86.Build.0 = Release|x86
		{422ACD4C-19A8-4908-95FF-515B62B7A32F}.Ad-Hoc|x86.Deploy.0 = Release|x86
		{422ACD4C-19A8-4908-95FF-515B62B7A32F}.AppStore|Any CPU.ActiveCfg = Release|x86
		{422ACD4C-19A8-4908-95FF-515B62B7A32F}.AppStore|Any CPU.Build.0 = Release|x86
		{422ACD4C-19A8-4908-95FF-515B62B7A32F}.AppStore|Any CPU.Deploy.0 = Release|x86
		{422ACD4C-19A8-4908-95FF-515B62B7A32F}.AppStore|ARM.ActiveCfg = Release|ARM
		{422ACD4C-19A8-4908-95FF-515B62B7A32F}.AppStore|ARM.Build.0 = Release|ARM
		{422ACD4C-19A8-4908-95FF-515B62B7A32F}.AppStore|ARM.Deploy.0 = Release|ARM
		{422ACD4C-19A8-4908-95FF-515B62B7A32F}.AppStore|iPhone.ActiveCfg = Release|x86
		{422ACD4C-19A8-4908-95FF-515B62B7A32F}.AppStore|iPhone.Build.0 = Release|x86
		{422ACD4C-19A8-4908-95FF-515B62B7A32F}.AppStore|iPhone.Deploy.0 = Release|x86
		{422ACD4C-19A8-4908-95FF-515B62B7A32F}.AppStore|iPhoneSimulator.ActiveCfg = Release|x86
		{422ACD4C-19A8-4908-95FF-515B62B7A32F}.AppStore|iPhoneSimulator.Build.0 = Release|x86
		{422ACD4C-19A8-4908-95FF-515B62B7A32F}.AppStore|iPhoneSimulator.Deploy.0 = Release|x86
		{422ACD4C-19A8-4908-95FF-515B62B7A32F}.AppStore|x64.ActiveCfg = Release|x64
		{422ACD4C-19A8-4908-95FF-515B62B7A32F}.AppStore|x64.Build.0 = Release|x64
		{422ACD4C-19A8-4908-95FF-515B62B7A32F}.AppStore|x64.Deploy.0 = Release|x64
		{422ACD4C-19A8-4908-95FF-515B62B7A32F}.AppStore|x86.ActiveCfg = Release|x86
		{422ACD4C-19A8-4908-95FF-515B62B7A32F}.AppStore|x86.Build.0 = Release|x86
		{422ACD4C-19A8-4908-95FF-515B62B7A32F}.AppStore|x86.Deploy.0 = Release|x86
		{422ACD4C-19A8-4908-95FF-515B62B7A32F}.Debug|Any CPU.ActiveCfg = Debug|x86
		{422ACD4C-19A8-4908-95FF-515B62B7A32F}.Debug|Any CPU.Build.0 = Debug|x86
		{422ACD4C-19A8-4908-95FF-515B62B7A32F}.Debug|Any CPU.Deploy.0 = Debug|x86
		{422ACD4C-19A8-4908-95FF-515B62B7A32F}.Debug|ARM.ActiveCfg = Debug|ARM
		{422ACD4C-19A8-4908-95FF-515B62B7A32F}.Debug|ARM.Build.0 = Debug|ARM
		{422ACD4C-19A8-4908-95FF-515B62B7A32F}.Debug|ARM.Deploy.0 = Debug|ARM
		{422ACD4C-19A8-4908-95FF-515B62B7A32F}.Debug|iPhone.ActiveCfg = Debug|x86
		{422ACD4C-19A8-4908-95FF-515B62B7A32F}.Debug|iPhoneSimulator.ActiveCfg = Debug|x86
		{422ACD4C-19A8-4908-95FF-515B62B7A32F}.Debug|x64.ActiveCfg = Debug|x64
		{422ACD4C-19A8-4908-95FF-515B62B7A32F}.Debug|x64.Build.0 = Debug|x64
		{422ACD4C-19A8-4908-95FF-515B62B7A32F}.Debug|x64.Deploy.0 = Debug|x64
		{422ACD4C-19A8-4908-95FF-515B62B7A32F}.Debug|x86.ActiveCfg = Debug|x86
		{422ACD4C-19A8-4908-95FF-515B62B7A32F}.Debug|x86.Build.0 = Debug|x86
		{422ACD4C-19A8-4908-95FF-515B62B7A32F}.Debug|x86.Deploy.0 = Debug|x86
		{422ACD4C-19A8-4908-95FF-515B62B7A32F}.Release|Any CPU.ActiveCfg = Release|x86
		{422ACD4C-19A8-4908-95FF-515B62B7A32F}.Release|ARM.ActiveCfg = Release|ARM
		{422ACD4C-19A8-4908-95FF-515B62B7A32F}.Release|ARM.Build.0 = Release|ARM
		{422ACD4C-19A8-4908-95FF-515B62B7A32F}.Release|ARM.Deploy.0 = Release|ARM
		{422ACD4C-19A8-4908-95FF-515B62B7A32F}.Release|iPhone.ActiveCfg = Release|x86
		{422ACD4C-19A8-4908-95FF-515B62B7A32F}.Release|iPhoneSimulator.ActiveCfg = Release|x86
		{422ACD4C-19A8-4908-95FF-515B62B7A32F}.Release|x64.ActiveCfg = Release|x64
		{422ACD4C-19A8-4908-95FF-515B62B7A32F}.Release|x64.Build.0 = Release|x64
		{422ACD4C-19A8-4908-95FF-515B62B7A32F}.Release|x64.Deploy.0 = Release|x64
		{422ACD4C-19A8-4908-95FF-515B62B7A32F}.Release|x86.ActiveCfg = Release|x86
		{422ACD4C-19A8-4908-95FF-515B62B7A32F}.Release|x86.Build.0 = Release|x86
		{422ACD4C-19A8-4908-95FF-515B62B7A32F}.Release|x86.Deploy.0 = Release|x86
		{D25BA79E-CF39-489B-AB7D-22EFFB0E6EC4}.Ad-Hoc|Any CPU.ActiveCfg = Release|Any CPU
		{D25BA79E-CF39-489B-AB7D-22EFFB0E6EC4}.Ad-Hoc|Any CPU.Build.0 = Release|Any CPU
		{D25BA79E-CF39-489B-AB7D-22EFFB0E6EC4}.Ad-Hoc|Any CPU.Deploy.0 = Release|Any CPU
		{D25BA79E-CF39-489B-AB7D-22EFFB0E6EC4}.Ad-Hoc|ARM.ActiveCfg = Release|ARM
		{D25BA79E-CF39-489B-AB7D-22EFFB0E6EC4}.Ad-Hoc|ARM.Build.0 = Release|ARM
		{D25BA79E-CF39-489B-AB7D-22EFFB0E6EC4}.Ad-Hoc|ARM.Deploy.0 = Release|ARM
		{D25BA79E-CF39-489B-AB7D-22EFFB0E6EC4}.Ad-Hoc|iPhone.ActiveCfg = Release|Any CPU
		{D25BA79E-CF39-489B-AB7D-22EFFB0E6EC4}.Ad-Hoc|iPhone.Build.0 = Release|Any CPU
		{D25BA79E-CF39-489B-AB7D-22EFFB0E6EC4}.Ad-Hoc|iPhone.Deploy.0 = Release|Any CPU
		{D25BA79E-CF39-489B-AB7D-22EFFB0E6EC4}.Ad-Hoc|iPhoneSimulator.ActiveCfg = Release|Any CPU
		{D25BA79E-CF39-489B-AB7D-22EFFB0E6EC4}.Ad-Hoc|iPhoneSimulator.Build.0 = Release|Any CPU
		{D25BA79E-CF39-489B-AB7D-22EFFB0E6EC4}.Ad-Hoc|iPhoneSimulator.Deploy.0 = Release|Any CPU
		{D25BA79E-CF39-489B-AB7D-22EFFB0E6EC4}.Ad-Hoc|x64.ActiveCfg = Release|x64
		{D25BA79E-CF39-489B-AB7D-22EFFB0E6EC4}.Ad-Hoc|x64.Build.0 = Release|x64
		{D25BA79E-CF39-489B-AB7D-22EFFB0E6EC4}.Ad-Hoc|x64.Deploy.0 = Release|x64
		{D25BA79E-CF39-489B-AB7D-22EFFB0E6EC4}.Ad-Hoc|x86.ActiveCfg = Release|x86
		{D25BA79E-CF39-489B-AB7D-22EFFB0E6EC4}.Ad-Hoc|x86.Build.0 = Release|x86
		{D25BA79E-CF39-489B-AB7D-22EFFB0E6EC4}.Ad-Hoc|x86.Deploy.0 = Release|x86
		{D25BA79E-CF39-489B-AB7D-22EFFB0E6EC4}.AppStore|Any CPU.ActiveCfg = Release|Any CPU
		{D25BA79E-CF39-489B-AB7D-22EFFB0E6EC4}.AppStore|Any CPU.Build.0 = Release|Any CPU
		{D25BA79E-CF39-489B-AB7D-22EFFB0E6EC4}.AppStore|Any CPU.Deploy.0 = Release|Any CPU
		{D25BA79E-CF39-489B-AB7D-22EFFB0E6EC4}.AppStore|ARM.ActiveCfg = Release|ARM
		{D25BA79E-CF39-489B-AB7D-22EFFB0E6EC4}.AppStore|ARM.Build.0 = Release|ARM
		{D25BA79E-CF39-489B-AB7D-22EFFB0E6EC4}.AppStore|ARM.Deploy.0 = Release|ARM
		{D25BA79E-CF39-489B-AB7D-22EFFB0E6EC4}.AppStore|iPhone.ActiveCfg = Release|Any CPU
		{D25BA79E-CF39-489B-AB7D-22EFFB0E6EC4}.AppStore|iPhone.Build.0 = Release|Any CPU
		{D25BA79E-CF39-489B-AB7D-22EFFB0E6EC4}.AppStore|iPhone.Deploy.0 = Release|Any CPU
		{D25BA79E-CF39-489B-AB7D-22EFFB0E6EC4}.AppStore|iPhoneSimulator.ActiveCfg = Release|Any CPU
		{D25BA79E-CF39-489B-AB7D-22EFFB0E6EC4}.AppStore|iPhoneSimulator.Build.0 = Release|Any CPU
		{D25BA79E-CF39-489B-AB7D-22EFFB0E6EC4}.AppStore|iPhoneSimulator.Deploy.0 = Release|Any CPU
		{D25BA79E-CF39-489B-AB7D-22EFFB0E6EC4}.AppStore|x64.ActiveCfg = Release|x64
		{D25BA79E-CF39-489B-AB7D-22EFFB0E6EC4}.AppStore|x64.Build.0 = Release|x64
		{D25BA79E-CF39-489B-AB7D-22EFFB0E6EC4}.AppStore|x64.Deploy.0 = Release|x64
		{D25BA79E-CF39-489B-AB7D-22EFFB0E6EC4}.AppStore|x86.ActiveCfg = Release|x86
		{D25BA79E-CF39-489B-AB7D-22EFFB0E6EC4}.AppStore|x86.Build.0 = Release|x86
		{D25BA79E-CF39-489B-AB7D-22EFFB0E6EC4}.AppStore|x86.Deploy.0 = Release|x86
		{D25BA79E-CF39-489B-AB7D-22EFFB0E6EC4}.Debug|Any CPU.ActiveCfg = Debug|Any CPU
		{D25BA79E-CF39-489B-AB7D-22EFFB0E6EC4}.Debug|ARM.ActiveCfg = Debug|ARM
		{D25BA79E-CF39-489B-AB7D-22EFFB0E6EC4}.Debug|ARM.Build.0 = Debug|ARM
		{D25BA79E-CF39-489B-AB7D-22EFFB0E6EC4}.Debug|ARM.Deploy.0 = Debug|ARM
		{D25BA79E-CF39-489B-AB7D-22EFFB0E6EC4}.Debug|iPhone.ActiveCfg = Debug|Any CPU
		{D25BA79E-CF39-489B-AB7D-22EFFB0E6EC4}.Debug|iPhone.Build.0 = Debug|Any CPU
		{D25BA79E-CF39-489B-AB7D-22EFFB0E6EC4}.Debug|iPhone.Deploy.0 = Debug|Any CPU
		{D25BA79E-CF39-489B-AB7D-22EFFB0E6EC4}.Debug|iPhoneSimulator.ActiveCfg = Debug|Any CPU
		{D25BA79E-CF39-489B-AB7D-22EFFB0E6EC4}.Debug|iPhoneSimulator.Build.0 = Debug|Any CPU
		{D25BA79E-CF39-489B-AB7D-22EFFB0E6EC4}.Debug|iPhoneSimulator.Deploy.0 = Debug|Any CPU
		{D25BA79E-CF39-489B-AB7D-22EFFB0E6EC4}.Debug|x64.ActiveCfg = Debug|x64
		{D25BA79E-CF39-489B-AB7D-22EFFB0E6EC4}.Debug|x64.Build.0 = Debug|x64
		{D25BA79E-CF39-489B-AB7D-22EFFB0E6EC4}.Debug|x64.Deploy.0 = Debug|x64
		{D25BA79E-CF39-489B-AB7D-22EFFB0E6EC4}.Debug|x86.ActiveCfg = Debug|x86
		{D25BA79E-CF39-489B-AB7D-22EFFB0E6EC4}.Debug|x86.Build.0 = Debug|x86
		{D25BA79E-CF39-489B-AB7D-22EFFB0E6EC4}.Debug|x86.Deploy.0 = Debug|x86
		{D25BA79E-CF39-489B-AB7D-22EFFB0E6EC4}.Release|Any CPU.ActiveCfg = Release|Any CPU
		{D25BA79E-CF39-489B-AB7D-22EFFB0E6EC4}.Release|Any CPU.Build.0 = Release|Any CPU
		{D25BA79E-CF39-489B-AB7D-22EFFB0E6EC4}.Release|Any CPU.Deploy.0 = Release|Any CPU
		{D25BA79E-CF39-489B-AB7D-22EFFB0E6EC4}.Release|ARM.ActiveCfg = Release|ARM
		{D25BA79E-CF39-489B-AB7D-22EFFB0E6EC4}.Release|ARM.Build.0 = Release|ARM
		{D25BA79E-CF39-489B-AB7D-22EFFB0E6EC4}.Release|ARM.Deploy.0 = Release|ARM
		{D25BA79E-CF39-489B-AB7D-22EFFB0E6EC4}.Release|iPhone.ActiveCfg = Release|Any CPU
		{D25BA79E-CF39-489B-AB7D-22EFFB0E6EC4}.Release|iPhone.Build.0 = Release|Any CPU
		{D25BA79E-CF39-489B-AB7D-22EFFB0E6EC4}.Release|iPhone.Deploy.0 = Release|Any CPU
		{D25BA79E-CF39-489B-AB7D-22EFFB0E6EC4}.Release|iPhoneSimulator.ActiveCfg = Release|Any CPU
		{D25BA79E-CF39-489B-AB7D-22EFFB0E6EC4}.Release|iPhoneSimulator.Build.0 = Release|Any CPU
		{D25BA79E-CF39-489B-AB7D-22EFFB0E6EC4}.Release|iPhoneSimulator.Deploy.0 = Release|Any CPU
		{D25BA79E-CF39-489B-AB7D-22EFFB0E6EC4}.Release|x64.ActiveCfg = Release|x64
		{D25BA79E-CF39-489B-AB7D-22EFFB0E6EC4}.Release|x64.Build.0 = Release|x64
		{D25BA79E-CF39-489B-AB7D-22EFFB0E6EC4}.Release|x64.Deploy.0 = Release|x64
		{D25BA79E-CF39-489B-AB7D-22EFFB0E6EC4}.Release|x86.ActiveCfg = Release|x86
		{D25BA79E-CF39-489B-AB7D-22EFFB0E6EC4}.Release|x86.Build.0 = Release|x86
		{D25BA79E-CF39-489B-AB7D-22EFFB0E6EC4}.Release|x86.Deploy.0 = Release|x86
		{662434D6-973E-445F-83B9-5032ECFA9539}.Ad-Hoc|Any CPU.ActiveCfg = Release|Any CPU
		{662434D6-973E-445F-83B9-5032ECFA9539}.Ad-Hoc|Any CPU.Build.0 = Release|Any CPU
		{662434D6-973E-445F-83B9-5032ECFA9539}.Ad-Hoc|ARM.ActiveCfg = Release|Any CPU
		{662434D6-973E-445F-83B9-5032ECFA9539}.Ad-Hoc|ARM.Build.0 = Release|Any CPU
		{662434D6-973E-445F-83B9-5032ECFA9539}.Ad-Hoc|iPhone.ActiveCfg = Release|Any CPU
		{662434D6-973E-445F-83B9-5032ECFA9539}.Ad-Hoc|iPhone.Build.0 = Release|Any CPU
		{662434D6-973E-445F-83B9-5032ECFA9539}.Ad-Hoc|iPhoneSimulator.ActiveCfg = Release|Any CPU
		{662434D6-973E-445F-83B9-5032ECFA9539}.Ad-Hoc|iPhoneSimulator.Build.0 = Release|Any CPU
		{662434D6-973E-445F-83B9-5032ECFA9539}.Ad-Hoc|x64.ActiveCfg = Release|Any CPU
		{662434D6-973E-445F-83B9-5032ECFA9539}.Ad-Hoc|x64.Build.0 = Release|Any CPU
		{662434D6-973E-445F-83B9-5032ECFA9539}.Ad-Hoc|x86.ActiveCfg = Release|Any CPU
		{662434D6-973E-445F-83B9-5032ECFA9539}.Ad-Hoc|x86.Build.0 = Release|Any CPU
		{662434D6-973E-445F-83B9-5032ECFA9539}.AppStore|Any CPU.ActiveCfg = Release|Any CPU
		{662434D6-973E-445F-83B9-5032ECFA9539}.AppStore|Any CPU.Build.0 = Release|Any CPU
		{662434D6-973E-445F-83B9-5032ECFA9539}.AppStore|ARM.ActiveCfg = Release|Any CPU
		{662434D6-973E-445F-83B9-5032ECFA9539}.AppStore|ARM.Build.0 = Release|Any CPU
		{662434D6-973E-445F-83B9-5032ECFA9539}.AppStore|iPhone.ActiveCfg = Release|Any CPU
		{662434D6-973E-445F-83B9-5032ECFA9539}.AppStore|iPhone.Build.0 = Release|Any CPU
		{662434D6-973E-445F-83B9-5032ECFA9539}.AppStore|iPhoneSimulator.ActiveCfg = Release|Any CPU
		{662434D6-973E-445F-83B9-5032ECFA9539}.AppStore|iPhoneSimulator.Build.0 = Release|Any CPU
		{662434D6-973E-445F-83B9-5032ECFA9539}.AppStore|x64.ActiveCfg = Release|Any CPU
		{662434D6-973E-445F-83B9-5032ECFA9539}.AppStore|x64.Build.0 = Release|Any CPU
		{662434D6-973E-445F-83B9-5032ECFA9539}.AppStore|x86.ActiveCfg = Release|Any CPU
		{662434D6-973E-445F-83B9-5032ECFA9539}.AppStore|x86.Build.0 = Release|Any CPU
		{662434D6-973E-445F-83B9-5032ECFA9539}.Debug|Any CPU.ActiveCfg = Debug|Any CPU
		{662434D6-973E-445F-83B9-5032ECFA9539}.Debug|Any CPU.Build.0 = Debug|Any CPU
		{662434D6-973E-445F-83B9-5032ECFA9539}.Debug|ARM.ActiveCfg = Debug|Any CPU
		{662434D6-973E-445F-83B9-5032ECFA9539}.Debug|ARM.Build.0 = Debug|Any CPU
		{662434D6-973E-445F-83B9-5032ECFA9539}.Debug|iPhone.ActiveCfg = Debug|Any CPU
		{662434D6-973E-445F-83B9-5032ECFA9539}.Debug|iPhone.Build.0 = Debug|Any CPU
		{662434D6-973E-445F-83B9-5032ECFA9539}.Debug|iPhoneSimulator.ActiveCfg = Debug|Any CPU
		{662434D6-973E-445F-83B9-5032ECFA9539}.Debug|iPhoneSimulator.Build.0 = Debug|Any CPU
		{662434D6-973E-445F-83B9-5032ECFA9539}.Debug|x64.ActiveCfg = Debug|Any CPU
		{662434D6-973E-445F-83B9-5032ECFA9539}.Debug|x64.Build.0 = Debug|Any CPU
		{662434D6-973E-445F-83B9-5032ECFA9539}.Debug|x86.ActiveCfg = Debug|Any CPU
		{662434D6-973E-445F-83B9-5032ECFA9539}.Debug|x86.Build.0 = Debug|Any CPU
		{662434D6-973E-445F-83B9-5032ECFA9539}.Release|Any CPU.ActiveCfg = Release|Any CPU
		{662434D6-973E-445F-83B9-5032ECFA9539}.Release|Any CPU.Build.0 = Release|Any CPU
		{662434D6-973E-445F-83B9-5032ECFA9539}.Release|ARM.ActiveCfg = Release|Any CPU
		{662434D6-973E-445F-83B9-5032ECFA9539}.Release|ARM.Build.0 = Release|Any CPU
		{662434D6-973E-445F-83B9-5032ECFA9539}.Release|iPhone.ActiveCfg = Release|Any CPU
		{662434D6-973E-445F-83B9-5032ECFA9539}.Release|iPhone.Build.0 = Release|Any CPU
		{662434D6-973E-445F-83B9-5032ECFA9539}.Release|iPhoneSimulator.ActiveCfg = Release|Any CPU
		{662434D6-973E-445F-83B9-5032ECFA9539}.Release|iPhoneSimulator.Build.0 = Release|Any CPU
		{662434D6-973E-445F-83B9-5032ECFA9539}.Release|x64.ActiveCfg = Release|Any CPU
		{662434D6-973E-445F-83B9-5032ECFA9539}.Release|x64.Build.0 = Release|Any CPU
		{662434D6-973E-445F-83B9-5032ECFA9539}.Release|x86.ActiveCfg = Release|Any CPU
		{662434D6-973E-445F-83B9-5032ECFA9539}.Release|x86.Build.0 = Release|Any CPU
	EndGlobalSection
	GlobalSection(SolutionProperties) = preSolution
		HideSolutionNode = FALSE
	EndGlobalSection
EndGlobal
